
Microsoft Visual Studio Solution File, Format Version 12.00
# Visual Studio Version 17
VisualStudioVersion = 17.5.33209.295
MinimumVisualStudioVersion = 10.0.40219.1
Project("{2150E333-8FDC-42A3-9474-1A3956D46DE8}") = "src", "src", "{2E0F4644-A76F-4D80-B362-91D703A84048}"
EndProject
Project("{2150E333-8FDC-42A3-9474-1A3956D46DE8}") = "test", "test", "{3364D83A-D97F-4459-9A79-9BC520623710}"
EndProject
Project("{2150E333-8FDC-42A3-9474-1A3956D46DE8}") = "UI", "UI", "{CF5CD7D6-B04B-4EEB-9FF1-FFB576339700}"
EndProject
Project("{2150E333-8FDC-42A3-9474-1A3956D46DE8}") = "API", "API", "{2F5FD037-1DD0-4E63-87EE-C4E9F92E2F46}"
EndProject
Project("{2150E333-8FDC-42A3-9474-1A3956D46DE8}") = "Core", "Core", "{29A77E49-13F9-40DC-B695-FE3A8C916F82}"
EndProject
Project("{2150E333-8FDC-42A3-9474-1A3956D46DE8}") = "Infrastructure", "Infrastructure", "{2AE75769-CAC7-40A1-A4D6-DA5D79F0667E}"
EndProject
Project("{9A19103F-16F7-4668-BE54-9A1E7A4F7556}") = "HRLeaveManagement.Domain", "HRLeaveManagement.Domain\HRLeaveManagement.Domain.csproj", "{B8447072-9AC4-459A-8A74-BD49C860FC19}"
EndProject
Project("{9A19103F-16F7-4668-BE54-9A1E7A4F7556}") = "HRLeaveManagement.Application", "HRLeaveManagement.Application\HRLeaveManagement.Application.csproj", "{8BE964B5-36AD-4AD0-B8DE-87E45D4F3982}"
EndProject
Project("{9A19103F-16F7-4668-BE54-9A1E7A4F7556}") = "HRLeaveManagement.Persistence", "HRLeaveManagement.Persistence\HRLeaveManagement.Persistence.csproj", "{6777861C-ED1B-4BD6-8F7A-97BA905ED15C}"
EndProject
Project("{9A19103F-16F7-4668-BE54-9A1E7A4F7556}") = "HRLeaveManagement.Infrastructure", "HRLeaveManagement.Infrastructure\HRLeaveManagement.Infrastructure.csproj", "{630F8BEE-F909-4525-97CA-6B69C9EB01C5}"
EndProject
Project("{9A19103F-16F7-4668-BE54-9A1E7A4F7556}") = "HRLeaveManagement.API", "HRLeaveManagement.API\HRLeaveManagement.API.csproj", "{1C32E879-A6BF-4659-B204-AD1026B04B1D}"
EndProject
Project("{9A19103F-16F7-4668-BE54-9A1E7A4F7556}") = "HRLeaveManagement.Application.UnitTests", "HRLeaveManagement.Application.UnitTests\HRLeaveManagement.Application.UnitTests.csproj", "{4A10357C-D814-4AA1-B382-571C96D54E30}"
EndProject
Project("{FAE04EC0-301F-11D3-BF4B-00C04F79EFBC}") = "HRLeaveManagement.Persistence.IntegrationTests", "HRLeaveManagement.Persistence.IntegrationTests\HRLeaveManagement.Persistence.IntegrationTests.csproj", "{3B328B43-5FDF-4583-BB17-6C586CE9B19B}"
EndProject
Global
	GlobalSection(SolutionConfigurationPlatforms) = preSolution
		Debug|Any CPU = Debug|Any CPU
		Release|Any CPU = Release|Any CPU
	EndGlobalSection
	GlobalSection(ProjectConfigurationPlatforms) = postSolution
		{B8447072-9AC4-459A-8A74-BD49C860FC19}.Debug|Any CPU.ActiveCfg = Debug|Any CPU
		{B8447072-9AC4-459A-8A74-BD49C860FC19}.Debug|Any CPU.Build.0 = Debug|Any CPU
		{B8447072-9AC4-459A-8A74-BD49C860FC19}.Release|Any CPU.ActiveCfg = Release|Any CPU
		{B8447072-9AC4-459A-8A74-BD49C860FC19}.Release|Any CPU.Build.0 = Release|Any CPU
		{8BE964B5-36AD-4AD0-B8DE-87E45D4F3982}.Debug|Any CPU.ActiveCfg = Debug|Any CPU
		{8BE964B5-36AD-4AD0-B8DE-87E45D4F3982}.Debug|Any CPU.Build.0 = Debug|Any CPU
		{8BE964B5-36AD-4AD0-B8DE-87E45D4F3982}.Release|Any CPU.ActiveCfg = Release|Any CPU
		{8BE964B5-36AD-4AD0-B8DE-87E45D4F3982}.Release|Any CPU.Build.0 = Release|Any CPU
		{6777861C-ED1B-4BD6-8F7A-97BA905ED15C}.Debug|Any CPU.ActiveCfg = Debug|Any CPU
		{6777861C-ED1B-4BD6-8F7A-97BA905ED15C}.Debug|Any CPU.Build.0 = Debug|Any CPU
		{6777861C-ED1B-4BD6-8F7A-97BA905ED15C}.Release|Any CPU.ActiveCfg = Release|Any CPU
		{6777861C-ED1B-4BD6-8F7A-97BA905ED15C}.Release|Any CPU.Build.0 = Release|Any CPU
		{630F8BEE-F909-4525-97CA-6B69C9EB01C5}.Debug|Any CPU.ActiveCfg = Debug|Any CPU
		{630F8BEE-F909-4525-97CA-6B69C9EB01C5}.Debug|Any CPU.Build.0 = Debug|Any CPU
		{630F8BEE-F909-4525-97CA-6B69C9EB01C5}.Release|Any CPU.ActiveCfg = Release|Any CPU
		{630F8BEE-F909-4525-97CA-6B69C9EB01C5}.Release|Any CPU.Build.0 = Release|Any CPU
		{1C32E879-A6BF-4659-B204-AD1026B04B1D}.Debug|Any CPU.ActiveCfg = Debug|Any CPU
		{1C32E879-A6BF-4659-B204-AD1026B04B1D}.Debug|Any CPU.Build.0 = Debug|Any CPU
		{1C32E879-A6BF-4659-B204-AD1026B04B1D}.Release|Any CPU.ActiveCfg = Release|Any CPU
		{1C32E879-A6BF-4659-B204-AD1026B04B1D}.Release|Any CPU.Build.0 = Release|Any CPU
		{4A10357C-D814-4AA1-B382-571C96D54E30}.Debug|Any CPU.ActiveCfg = Debug|Any CPU
		{4A10357C-D814-4AA1-B382-571C96D54E30}.Debug|Any CPU.Build.0 = Debug|Any CPU
		{4A10357C-D814-4AA1-B382-571C96D54E30}.Release|Any CPU.ActiveCfg = Release|Any CPU
		{4A10357C-D814-4AA1-B382-571C96D54E30}.Release|Any CPU.Build.0 = Release|Any CPU
		{3B328B43-5FDF-4583-BB17-6C586CE9B19B}.Debug|Any CPU.ActiveCfg = Debug|Any CPU
		{3B328B43-5FDF-4583-BB17-6C586CE9B19B}.Debug|Any CPU.Build.0 = Debug|Any CPU
		{3B328B43-5FDF-4583-BB17-6C586CE9B19B}.Release|Any CPU.ActiveCfg = Release|Any CPU
		{3B328B43-5FDF-4583-BB17-6C586CE9B19B}.Release|Any CPU.Build.0 = Release|Any CPU
	EndGlobalSection
	GlobalSection(SolutionProperties) = preSolution
		HideSolutionNode = FALSE
	EndGlobalSection
	GlobalSection(NestedProjects) = preSolution
		{CF5CD7D6-B04B-4EEB-9FF1-FFB576339700} = {2E0F4644-A76F-4D80-B362-91D703A84048}
		{2F5FD037-1DD0-4E63-87EE-C4E9F92E2F46} = {2E0F4644-A76F-4D80-B362-91D703A84048}
		{29A77E49-13F9-40DC-B695-FE3A8C916F82} = {2E0F4644-A76F-4D80-B362-91D703A84048}
		{2AE75769-CAC7-40A1-A4D6-DA5D79F0667E} = {2E0F4644-A76F-4D80-B362-91D703A84048}
		{B8447072-9AC4-459A-8A74-BD49C860FC19} = {29A77E49-13F9-40DC-B695-FE3A8C916F82}
		{8BE964B5-36AD-4AD0-B8DE-87E45D4F3982} = {29A77E49-13F9-40DC-B695-FE3A8C916F82}
		{6777861C-ED1B-4BD6-8F7A-97BA905ED15C} = {2AE75769-CAC7-40A1-A4D6-DA5D79F0667E}
		{630F8BEE-F909-4525-97CA-6B69C9EB01C5} = {2AE75769-CAC7-40A1-A4D6-DA5D79F0667E}
		{1C32E879-A6BF-4659-B204-AD1026B04B1D} = {2F5FD037-1DD0-4E63-87EE-C4E9F92E2F46}
		{4A10357C-D814-4AA1-B382-571C96D54E30} = {3364D83A-D97F-4459-9A79-9BC520623710}
		{3B328B43-5FDF-4583-BB17-6C586CE9B19B} = {3364D83A-D97F-4459-9A79-9BC520623710}
	EndGlobalSection
	GlobalSection(ExtensibilityGlobals) = postSolution
		SolutionGuid = {03ADB416-BFC8-4568-AB86-D9857476FA97}
	EndGlobalSection
EndGlobal
